// !$*UTF8*$!
{
	archiveVersion = 1;
	classes = {
	};
	objectVersion = 50;
	objects = {

/* Begin PBXBuildFile section */
		04A2EF17E88E752E1AEFFAEB /* Pods_swift_rss_sample.framework in Frameworks */ = {isa = PBXBuildFile; fileRef = 79AE56C97D8CEEA84AE778A8 /* Pods_swift_rss_sample.framework */; };
		7313674023C3183C00D8178A /* AppDelegate.swift in Sources */ = {isa = PBXBuildFile; fileRef = 7313673F23C3183C00D8178A /* AppDelegate.swift */; };
		7313674223C3183C00D8178A /* SceneDelegate.swift in Sources */ = {isa = PBXBuildFile; fileRef = 7313674123C3183C00D8178A /* SceneDelegate.swift */; };
		7313674423C3183C00D8178A /* ViewController.swift in Sources */ = {isa = PBXBuildFile; fileRef = 7313674323C3183C00D8178A /* ViewController.swift */; };
		7313674723C3183C00D8178A /* Main.storyboard in Resources */ = {isa = PBXBuildFile; fileRef = 7313674523C3183C00D8178A /* Main.storyboard */; };
		7313674923C3183D00D8178A /* Assets.xcassets in Resources */ = {isa = PBXBuildFile; fileRef = 7313674823C3183D00D8178A /* Assets.xcassets */; };
		7313674C23C3183D00D8178A /* LaunchScreen.storyboard in Resources */ = {isa = PBXBuildFile; fileRef = 7313674A23C3183D00D8178A /* LaunchScreen.storyboard */; };
		7313675723C3183E00D8178A /* swift_rss_sampleTests.swift in Sources */ = {isa = PBXBuildFile; fileRef = 7313675623C3183E00D8178A /* swift_rss_sampleTests.swift */; };
		B511723093007DEC8980A003 /* Pods_swift_rss_sampleTests.framework in Frameworks */ = {isa = PBXBuildFile; fileRef = 008662DAC8E489B2FFFA19CD /* Pods_swift_rss_sampleTests.framework */; };
/* End PBXBuildFile section */

/* Begin PBXContainerItemProxy section */
		7313675323C3183E00D8178A /* PBXContainerItemProxy */ = {
			isa = PBXContainerItemProxy;
			containerPortal = 7313673423C3183B00D8178A /* Project object */;
			proxyType = 1;
			remoteGlobalIDString = 7313673B23C3183C00D8178A;
			remoteInfo = "swift-rss-sample";
		};
/* End PBXContainerItemProxy section */

/* Begin PBXFileReference section */
		008662DAC8E489B2FFFA19CD /* Pods_swift_rss_sampleTests.framework */ = {isa = PBXFileReference; explicitFileType = wrapper.framework; includeInIndex = 0; path = Pods_swift_rss_sampleTests.framework; sourceTree = BUILT_PRODUCTS_DIR; };
		5BCDC559FD52A6C87AA544F9 /* Pods-swift-rss-sample.release.xcconfig */ = {isa = PBXFileReference; includeInIndex = 1; lastKnownFileType = text.xcconfig; name = "Pods-swift-rss-sample.release.xcconfig"; path = "Target Support Files/Pods-swift-rss-sample/Pods-swift-rss-sample.release.xcconfig"; sourceTree = "<group>"; };
		7190F7E3B020E4E6E5B5B97B /* Pods-swift-rss-sampleTests.release.xcconfig */ = {isa = PBXFileReference; includeInIndex = 1; lastKnownFileType = text.xcconfig; name = "Pods-swift-rss-sampleTests.release.xcconfig"; path = "Target Support Files/Pods-swift-rss-sampleTests/Pods-swift-rss-sampleTests.release.xcconfig"; sourceTree = "<group>"; };
		7313673C23C3183C00D8178A /* swift-rss-sample.app */ = {isa = PBXFileReference; explicitFileType = wrapper.application; includeInIndex = 0; path = "swift-rss-sample.app"; sourceTree = BUILT_PRODUCTS_DIR; };
		7313673F23C3183C00D8178A /* AppDelegate.swift */ = {isa = PBXFileReference; lastKnownFileType = sourcecode.swift; path = AppDelegate.swift; sourceTree = "<group>"; };
		7313674123C3183C00D8178A /* SceneDelegate.swift */ = {isa = PBXFileReference; lastKnownFileType = sourcecode.swift; path = SceneDelegate.swift; sourceTree = "<group>"; };
		7313674323C3183C00D8178A /* ViewController.swift */ = {isa = PBXFileReference; lastKnownFileType = sourcecode.swift; path = ViewController.swift; sourceTree = "<group>"; };
		7313674623C3183C00D8178A /* Base */ = {isa = PBXFileReference; lastKnownFileType = file.storyboard; name = Base; path = Base.lproj/Main.storyboard; sourceTree = "<group>"; };
		7313674823C3183D00D8178A /* Assets.xcassets */ = {isa = PBXFileReference; lastKnownFileType = folder.assetcatalog; path = Assets.xcassets; sourceTree = "<group>"; };
		7313674B23C3183D00D8178A /* Base */ = {isa = PBXFileReference; lastKnownFileType = file.storyboard; name = Base; path = Base.lproj/LaunchScreen.storyboard; sourceTree = "<group>"; };
		7313674D23C3183D00D8178A /* Info.plist */ = {isa = PBXFileReference; lastKnownFileType = text.plist.xml; path = Info.plist; sourceTree = "<group>"; };
		7313675223C3183E00D8178A /* swift-rss-sampleTests.xctest */ = {isa = PBXFileReference; explicitFileType = wrapper.cfbundle; includeInIndex = 0; path = "swift-rss-sampleTests.xctest"; sourceTree = BUILT_PRODUCTS_DIR; };
		7313675623C3183E00D8178A /* swift_rss_sampleTests.swift */ = {isa = PBXFileReference; lastKnownFileType = sourcecode.swift; path = swift_rss_sampleTests.swift; sourceTree = "<group>"; };
		7313675823C3183E00D8178A /* Info.plist */ = {isa = PBXFileReference; lastKnownFileType = text.plist.xml; path = Info.plist; sourceTree = "<group>"; };
		79AE56C97D8CEEA84AE778A8 /* Pods_swift_rss_sample.framework */ = {isa = PBXFileReference; explicitFileType = wrapper.framework; includeInIndex = 0; path = Pods_swift_rss_sample.framework; sourceTree = BUILT_PRODUCTS_DIR; };
		D84A82DBCBFB5E6037A923A2 /* Pods-swift-rss-sampleTests.debug.xcconfig */ = {isa = PBXFileReference; includeInIndex = 1; lastKnownFileType = text.xcconfig; name = "Pods-swift-rss-sampleTests.debug.xcconfig"; path = "Target Support Files/Pods-swift-rss-sampleTests/Pods-swift-rss-sampleTests.debug.xcconfig"; sourceTree = "<group>"; };
		E0F7954A9457373AAE9B0EE3 /* Pods-swift-rss-sample.debug.xcconfig */ = {isa = PBXFileReference; includeInIndex = 1; lastKnownFileType = text.xcconfig; name = "Pods-swift-rss-sample.debug.xcconfig"; path = "Target Support Files/Pods-swift-rss-sample/Pods-swift-rss-sample.debug.xcconfig"; sourceTree = "<group>"; };
/* End PBXFileReference section */

/* Begin PBXFrameworksBuildPhase section */
		7313673923C3183C00D8178A /* Frameworks */ = {
			isa = PBXFrameworksBuildPhase;
			buildActionMask = 2147483647;
			files = (
				04A2EF17E88E752E1AEFFAEB /* Pods_swift_rss_sample.framework in Frameworks */,
			);
			runOnlyForDeploymentPostprocessing = 0;
		};
		7313674F23C3183E00D8178A /* Frameworks */ = {
			isa = PBXFrameworksBuildPhase;
			buildActionMask = 2147483647;
			files = (
				B511723093007DEC8980A003 /* Pods_swift_rss_sampleTests.framework in Frameworks */,
			);
			runOnlyForDeploymentPostprocessing = 0;
		};
/* End PBXFrameworksBuildPhase section */

/* Begin PBXGroup section */
		0924337B71926E1817CD67F3 /* Frameworks */ = {
			isa = PBXGroup;
			children = (
				79AE56C97D8CEEA84AE778A8 /* Pods_swift_rss_sample.framework */,
				008662DAC8E489B2FFFA19CD /* Pods_swift_rss_sampleTests.framework */,
			);
			name = Frameworks;
			sourceTree = "<group>";
		};
		7313673323C3183B00D8178A = {
			isa = PBXGroup;
			children = (
				7313673E23C3183C00D8178A /* swift-rss-sample */,
				7313675523C3183E00D8178A /* swift-rss-sampleTests */,
				7313673D23C3183C00D8178A /* Products */,
				EE6D309D49449251F3AE00A0 /* Pods */,
				0924337B71926E1817CD67F3 /* Frameworks */,
			);
			sourceTree = "<group>";
		};
		7313673D23C3183C00D8178A /* Products */ = {
			isa = PBXGroup;
			children = (
				7313673C23C3183C00D8178A /* swift-rss-sample.app */,
				7313675223C3183E00D8178A /* swift-rss-sampleTests.xctest */,
			);
			name = Products;
			sourceTree = "<group>";
		};
		7313673E23C3183C00D8178A /* swift-rss-sample */ = {
			isa = PBXGroup;
			children = (
				7313673F23C3183C00D8178A /* AppDelegate.swift */,
				7313674123C3183C00D8178A /* SceneDelegate.swift */,
				7313674323C3183C00D8178A /* ViewController.swift */,
				7313674523C3183C00D8178A /* Main.storyboard */,
				7313674823C3183D00D8178A /* Assets.xcassets */,
				7313674A23C3183D00D8178A /* LaunchScreen.storyboard */,
				7313674D23C3183D00D8178A /* Info.plist */,
			);
			path = "swift-rss-sample";
			sourceTree = "<group>";
		};
		7313675523C3183E00D8178A /* swift-rss-sampleTests */ = {
			isa = PBXGroup;
			children = (
				7313675623C3183E00D8178A /* swift_rss_sampleTests.swift */,
				7313675823C3183E00D8178A /* Info.plist */,
			);
			path = "swift-rss-sampleTests";
			sourceTree = "<group>";
		};
		EE6D309D49449251F3AE00A0 /* Pods */ = {
			isa = PBXGroup;
			children = (
				E0F7954A9457373AAE9B0EE3 /* Pods-swift-rss-sample.debug.xcconfig */,
				5BCDC559FD52A6C87AA544F9 /* Pods-swift-rss-sample.release.xcconfig */,
				D84A82DBCBFB5E6037A923A2 /* Pods-swift-rss-sampleTests.debug.xcconfig */,
				7190F7E3B020E4E6E5B5B97B /* Pods-swift-rss-sampleTests.release.xcconfig */,
			);
			name = Pods;
			path = Pods;
			sourceTree = "<group>";
		};
/* End PBXGroup section */

/* Begin PBXNativeTarget section */
		7313673B23C3183C00D8178A /* swift-rss-sample */ = {
			isa = PBXNativeTarget;
			buildConfigurationList = 7313675B23C3183E00D8178A /* Build configuration list for PBXNativeTarget "swift-rss-sample" */;
			buildPhases = (
				6E57A7E6AC405FAD2E1A5E7F /* [CP] Check Pods Manifest.lock */,
				7313673823C3183C00D8178A /* Sources */,
				7313673923C3183C00D8178A /* Frameworks */,
				7313673A23C3183C00D8178A /* Resources */,
				EB218C4B3CD69B68EFE089AA /* [CP] Embed Pods Frameworks */,
			);
			buildRules = (
			);
			dependencies = (
			);
			name = "swift-rss-sample";
			productName = "swift-rss-sample";
			productReference = 7313673C23C3183C00D8178A /* swift-rss-sample.app */;
			productType = "com.apple.product-type.application";
		};
		7313675123C3183E00D8178A /* swift-rss-sampleTests */ = {
			isa = PBXNativeTarget;
			buildConfigurationList = 7313675E23C3183E00D8178A /* Build configuration list for PBXNativeTarget "swift-rss-sampleTests" */;
			buildPhases = (
				C7A7970B5C372D35F4D7B11A /* [CP] Check Pods Manifest.lock */,
				7313674E23C3183E00D8178A /* Sources */,
				7313674F23C3183E00D8178A /* Frameworks */,
				7313675023C3183E00D8178A /* Resources */,
			);
			buildRules = (
			);
			dependencies = (
				7313675423C3183E00D8178A /* PBXTargetDependency */,
			);
			name = "swift-rss-sampleTests";
			productName = "swift-rss-sampleTests";
			productReference = 7313675223C3183E00D8178A /* swift-rss-sampleTests.xctest */;
			productType = "com.apple.product-type.bundle.unit-test";
		};
/* End PBXNativeTarget section */

/* Begin PBXProject section */
		7313673423C3183B00D8178A /* Project object */ = {
			isa = PBXProject;
			attributes = {
				LastSwiftUpdateCheck = 1130;
				LastUpgradeCheck = 1130;
				ORGANIZATIONNAME = honda;
				TargetAttributes = {
					7313673B23C3183C00D8178A = {
						CreatedOnToolsVersion = 11.3;
					};
					7313675123C3183E00D8178A = {
						CreatedOnToolsVersion = 11.3;
						TestTargetID = 7313673B23C3183C00D8178A;
					};
				};
			};
			buildConfigurationList = 7313673723C3183B00D8178A /* Build configuration list for PBXProject "swift-rss-sample" */;
			compatibilityVersion = "Xcode 9.3";
			developmentRegion = en;
			hasScannedForEncodings = 0;
			knownRegions = (
				en,
				Base,
			);
			mainGroup = 7313673323C3183B00D8178A;
			productRefGroup = 7313673D23C3183C00D8178A /* Products */;
			projectDirPath = "";
			projectRoot = "";
			targets = (
				7313673B23C3183C00D8178A /* swift-rss-sample */,
				7313675123C3183E00D8178A /* swift-rss-sampleTests */,
			);
		};
/* End PBXProject section */

/* Begin PBXResourcesBuildPhase section */
		7313673A23C3183C00D8178A /* Resources */ = {
			isa = PBXResourcesBuildPhase;
			buildActionMask = 2147483647;
			files = (
				7313674C23C3183D00D8178A /* LaunchScreen.storyboard in Resources */,
				7313674923C3183D00D8178A /* Assets.xcassets in Resources */,
				7313674723C3183C00D8178A /* Main.storyboard in Resources */,
			);
			runOnlyForDeploymentPostprocessing = 0;
		};
		7313675023C3183E00D8178A /* Resources */ = {
			isa = PBXResourcesBuildPhase;
			buildActionMask = 2147483647;
			files = (
			);
			runOnlyForDeploymentPostprocessing = 0;
		};
/* End PBXResourcesBuildPhase section */

/* Begin PBXShellScriptBuildPhase section */
		6E57A7E6AC405FAD2E1A5E7F /* [CP] Check Pods Manifest.lock */ = {
			isa = PBXShellScriptBuildPhase;
			buildActionMask = 2147483647;
			files = (
			);
			inputFileListPaths = (
			);
			inputPaths = (
				"${PODS_PODFILE_DIR_PATH}/Podfile.lock",
				"${PODS_ROOT}/Manifest.lock",
			);
			name = "[CP] Check Pods Manifest.lock";
			outputFileListPaths = (
			);
			outputPaths = (
				"$(DERIVED_FILE_DIR)/Pods-swift-rss-sample-checkManifestLockResult.txt",
			);
			runOnlyForDeploymentPostprocessing = 0;
			shellPath = /bin/sh;
			shellScript = "diff \"${PODS_PODFILE_DIR_PATH}/Podfile.lock\" \"${PODS_ROOT}/Manifest.lock\" > /dev/null\nif [ $? != 0 ] ; then\n    # print error to STDERR\n    echo \"error: The sandbox is not in sync with the Podfile.lock. Run 'pod install' or update your CocoaPods installation.\" >&2\n    exit 1\nfi\n# This output is used by Xcode 'outputs' to avoid re-running this script phase.\necho \"SUCCESS\" > \"${SCRIPT_OUTPUT_FILE_0}\"\n";
			showEnvVarsInLog = 0;
		};
		C7A7970B5C372D35F4D7B11A /* [CP] Check Pods Manifest.lock */ = {
			isa = PBXShellScriptBuildPhase;
			buildActionMask = 2147483647;
			files = (
			);
			inputFileListPaths = (
			);
			inputPaths = (
				"${PODS_PODFILE_DIR_PATH}/Podfile.lock",
				"${PODS_ROOT}/Manifest.lock",
			);
			name = "[CP] Check Pods Manifest.lock";
			outputFileListPaths = (
			);
			outputPaths = (
				"$(DERIVED_FILE_DIR)/Pods-swift-rss-sampleTests-checkManifestLockResult.txt",
			);
			runOnlyForDeploymentPostprocessing = 0;
			shellPath = /bin/sh;
			shellScript = "diff \"${PODS_PODFILE_DIR_PATH}/Podfile.lock\" \"${PODS_ROOT}/Manifest.lock\" > /dev/null\nif [ $? != 0 ] ; then\n    # print error to STDERR\n    echo \"error: The sandbox is not in sync with the Podfile.lock. Run 'pod install' or update your CocoaPods installation.\" >&2\n    exit 1\nfi\n# This output is used by Xcode 'outputs' to avoid re-running this script phase.\necho \"SUCCESS\" > \"${SCRIPT_OUTPUT_FILE_0}\"\n";
			showEnvVarsInLog = 0;
		};
		EB218C4B3CD69B68EFE089AA /* [CP] Embed Pods Frameworks */ = {
			isa = PBXShellScriptBuildPhase;
			buildActionMask = 2147483647;
			files = (
			);
			inputFileListPaths = (
				"${PODS_ROOT}/Target Support Files/Pods-swift-rss-sample/Pods-swift-rss-sample-frameworks-${CONFIGURATION}-input-files.xcfilelist",
			);
			name = "[CP] Embed Pods Frameworks";
			outputFileListPaths = (
				"${PODS_ROOT}/Target Support Files/Pods-swift-rss-sample/Pods-swift-rss-sample-frameworks-${CONFIGURATION}-output-files.xcfilelist",
			);
			runOnlyForDeploymentPostprocessing = 0;
			shellPath = /bin/sh;
			shellScript = "\"${PODS_ROOT}/Target Support Files/Pods-swift-rss-sample/Pods-swift-rss-sample-frameworks.sh\"\n";
			showEnvVarsInLog = 0;
		};
/* End PBXShellScriptBuildPhase section */

/* Begin PBXSourcesBuildPhase section */
		7313673823C3183C00D8178A /* Sources */ = {
			isa = PBXSourcesBuildPhase;
			buildActionMask = 2147483647;
			files = (
				7313674423C3183C00D8178A /* ViewController.swift in Sources */,
				7313674023C3183C00D8178A /* AppDelegate.swift in Sources */,
				7313674223C3183C00D8178A /* SceneDelegate.swift in Sources */,
			);
			runOnlyForDeploymentPostprocessing = 0;
		};
		7313674E23C3183E00D8178A /* Sources */ = {
			isa = PBXSourcesBuildPhase;
			buildActionMask = 2147483647;
			files = (
				7313675723C3183E00D8178A /* swift_rss_sampleTests.swift in Sources */,
			);
			runOnlyForDeploymentPostprocessing = 0;
		};
/* End PBXSourcesBuildPhase section */

/* Begin PBXTargetDependency section */
		7313675423C3183E00D8178A /* PBXTargetDependency */ = {
			isa = PBXTargetDependency;
			target = 7313673B23C3183C00D8178A /* swift-rss-sample */;
			targetProxy = 7313675323C3183E00D8178A /* PBXContainerItemProxy */;
		};
/* End PBXTargetDependency section */

/* Begin PBXVariantGroup section */
		7313674523C3183C00D8178A /* Main.storyboard */ = {
			isa = PBXVariantGroup;
			children = (
				7313674623C3183C00D8178A /* Base */,
			);
			name = Main.storyboard;
			sourceTree = "<group>";
		};
		7313674A23C3183D00D8178A /* LaunchScreen.storyboard */ = {
			isa = PBXVariantGroup;
			children = (
				7313674B23C3183D00D8178A /* Base */,
			);
			name = LaunchScreen.storyboard;
			sourceTree = "<group>";
		};
/* End PBXVariantGroup section */

/* Begin XCBuildConfiguration section */
		7313675923C3183E00D8178A /* Debug */ = {
			isa = XCBuildConfiguration;
			buildSettings = {
				ALWAYS_SEARCH_USER_PATHS = NO;
				CLANG_ANALYZER_NONNULL = YES;
				CLANG_ANALYZER_NUMBER_OBJECT_CONVERSION = YES_AGGRESSIVE;
				CLANG_CXX_LANGUAGE_STANDARD = "gnu++14";
				CLANG_CXX_LIBRARY = "libc++";
				CLANG_ENABLE_MODULES = YES;
				CLANG_ENABLE_OBJC_ARC = YES;
				CLANG_ENABLE_OBJC_WEAK = YES;
				CLANG_WARN_BLOCK_CAPTURE_AUTORELEASING = YES;
				CLANG_WARN_BOOL_CONVERSION = YES;
				CLANG_WARN_COMMA = YES;
				CLANG_WARN_CONSTANT_CONVERSION = YES;
				CLANG_WARN_DEPRECATED_OBJC_IMPLEMENTATIONS = YES;
				CLANG_WARN_DIRECT_OBJC_ISA_USAGE = YES_ERROR;
				CLANG_WARN_DOCUMENTATION_COMMENTS = YES;
				CLANG_WARN_EMPTY_BODY = YES;
				CLANG_WARN_ENUM_CONVERSION = YES;
				CLANG_WARN_INFINITE_RECURSION = YES;
				CLANG_WARN_INT_CONVERSION = YES;
				CLANG_WARN_NON_LITERAL_NULL_CONVERSION = YES;
				CLANG_WARN_OBJC_IMPLICIT_RETAIN_SELF = YES;
				CLANG_WARN_OBJC_LITERAL_CONVERSION = YES;
				CLANG_WARN_OBJC_ROOT_CLASS = YES_ERROR;
				CLANG_WARN_RANGE_LOOP_ANALYSIS = YES;
				CLANG_WARN_STRICT_PROTOTYPES = YES;
				CLANG_WARN_SUSPICIOUS_MOVE = YES;
				CLANG_WARN_UNGUARDED_AVAILABILITY = YES_AGGRESSIVE;
				CLANG_WARN_UNREACHABLE_CODE = YES;
				CLANG_WARN__DUPLICATE_METHOD_MATCH = YES;
				COPY_PHASE_STRIP = NO;
				DEBUG_INFORMATION_FORMAT = dwarf;
				ENABLE_STRICT_OBJC_MSGSEND = YES;
				ENABLE_TESTABILITY = YES;
				GCC_C_LANGUAGE_STANDARD = gnu11;
				GCC_DYNAMIC_NO_PIC = NO;
				GCC_NO_COMMON_BLOCKS = YES;
				GCC_OPTIMIZATION_LEVEL = 0;
				GCC_PREPROCESSOR_DEFINITIONS = (
					"DEBUG=1",
					"$(inherited)",
				);
				GCC_WARN_64_TO_32_BIT_CONVERSION = YES;
				GCC_WARN_ABOUT_RETURN_TYPE = YES_ERROR;
				GCC_WARN_UNDECLARED_SELECTOR = YES;
				GCC_WARN_UNINITIALIZED_AUTOS = YES_AGGRESSIVE;
				GCC_WARN_UNUSED_FUNCTION = YES;
				GCC_WARN_UNUSED_VARIABLE = YES;
				IPHONEOS_DEPLOYMENT_TARGET = 13.2;
				MTL_ENABLE_DEBUG_INFO = INCLUDE_SOURCE;
				MTL_FAST_MATH = YES;
				ONLY_ACTIVE_ARCH = YES;
				SDKROOT = iphoneos;
				SWIFT_ACTIVE_COMPILATION_CONDITIONS = DEBUG;
				SWIFT_OPTIMIZATION_LEVEL = "-Onone";
			};
			name = Debug;
		};
		7313675A23C3183E00D8178A /* Release */ = {
			isa = XCBuildConfiguration;
			buildSettings = {
				ALWAYS_SEARCH_USER_PATHS = NO;
				CLANG_ANALYZER_NONNULL = YES;
				CLANG_ANALYZER_NUMBER_OBJECT_CONVERSION = YES_AGGRESSIVE;
				CLANG_CXX_LANGUAGE_STANDARD = "gnu++14";
				CLANG_CXX_LIBRARY = "libc++";
				CLANG_ENABLE_MODULES = YES;
				CLANG_ENABLE_OBJC_ARC = YES;
				CLANG_ENABLE_OBJC_WEAK = YES;
				CLANG_WARN_BLOCK_CAPTURE_AUTORELEASING = YES;
				CLANG_WARN_BOOL_CONVERSION = YES;
				CLANG_WARN_COMMA = YES;
				CLANG_WARN_CONSTANT_CONVERSION = YES;
				CLANG_WARN_DEPRECATED_OBJC_IMPLEMENTATIONS = YES;
				CLANG_WARN_DIRECT_OBJC_ISA_USAGE = YES_ERROR;
				CLANG_WARN_DOCUMENTATION_COMMENTS = YES;
				CLANG_WARN_EMPTY_BODY = YES;
				CLANG_WARN_ENUM_CONVERSION = YES;
				CLANG_WARN_INFINITE_RECURSION = YES;
				CLANG_WARN_INT_CONVERSION = YES;
				CLANG_WARN_NON_LITERAL_NULL_CONVERSION = YES;
				CLANG_WARN_OBJC_IMPLICIT_RETAIN_SELF = YES;
				CLANG_WARN_OBJC_LITERAL_CONVERSION = YES;
				CLANG_WARN_OBJC_ROOT_CLASS = YES_ERROR;
				CLANG_WARN_RANGE_LOOP_ANALYSIS = YES;
				CLANG_WARN_STRICT_PROTOTYPES = YES;
				CLANG_WARN_SUSPICIOUS_MOVE = YES;
				CLANG_WARN_UNGUARDED_AVAILABILITY = YES_AGGRESSIVE;
				CLANG_WARN_UNREACHABLE_CODE = YES;
				CLANG_WARN__DUPLICATE_METHOD_MATCH = YES;
				COPY_PHASE_STRIP = NO;
				DEBUG_INFORMATION_FORMAT = "dwarf-with-dsym";
				ENABLE_NS_ASSERTIONS = NO;
				ENABLE_STRICT_OBJC_MSGSEND = YES;
				GCC_C_LANGUAGE_STANDARD = gnu11;
				GCC_NO_COMMON_BLOCKS = YES;
				GCC_WARN_64_TO_32_BIT_CONVERSION = YES;
				GCC_WARN_ABOUT_RETURN_TYPE = YES_ERROR;
				GCC_WARN_UNDECLARED_SELECTOR = YES;
				GCC_WARN_UNINITIALIZED_AUTOS = YES_AGGRESSIVE;
				GCC_WARN_UNUSED_FUNCTION = YES;
				GCC_WARN_UNUSED_VARIABLE = YES;
				IPHONEOS_DEPLOYMENT_TARGET = 13.2;
				MTL_ENABLE_DEBUG_INFO = NO;
				MTL_FAST_MATH = YES;
				SDKROOT = iphoneos;
				SWIFT_COMPILATION_MODE = wholemodule;
				SWIFT_OPTIMIZATION_LEVEL = "-O";
				VALIDATE_PRODUCT = YES;
			};
			name = Release;
		};
		7313675C23C3183E00D8178A /* Debug */ = {
			isa = XCBuildConfiguration;
			baseConfigurationReference = E0F7954A9457373AAE9B0EE3 /* Pods-swift-rss-sample.debug.xcconfig */;
			buildSettings = {
				ASSETCATALOG_COMPILER_APPICON_NAME = AppIcon;
				CODE_SIGN_STYLE = Automatic;
				INFOPLIST_FILE = "swift-rss-sample/Info.plist";
				LD_RUNPATH_SEARCH_PATHS = (
					"$(inherited)",
					"@executable_path/Frameworks",
				);
				PRODUCT_BUNDLE_IDENTIFIER = "dev.sample.swift-rss-sample";
				PRODUCT_NAME = "$(TARGET_NAME)";
				SWIFT_VERSION = 5.0;
				TARGETED_DEVICE_FAMILY = "1,2";
			};
			name = Debug;
		};
		7313675D23C3183E00D8178A /* Release */ = {
			isa = XCBuildConfiguration;
			baseConfigurationReference = 5BCDC559FD52A6C87AA544F9 /* Pods-swift-rss-sample.release.xcconfig */;
			buildSettings = {
				ASSETCATALOG_COMPILER_APPICON_NAME = AppIcon;
				CODE_SIGN_STYLE = Automatic;
				INFOPLIST_FILE = "swift-rss-sample/Info.plist";
				LD_RUNPATH_SEARCH_PATHS = (
					"$(inherited)",
					"@executable_path/Frameworks",
				);
				PRODUCT_BUNDLE_IDENTIFIER = "dev.sample.swift-rss-sample";
				PRODUCT_NAME = "$(TARGET_NAME)";
				SWIFT_VERSION = 5.0;
				TARGETED_DEVICE_FAMILY = "1,2";
			};
			name = Release;
		};
		7313675F23C3183E00D8178A /* Debug */ = {
			isa = XCBuildConfiguration;
			baseConfigurationReference = D84A82DBCBFB5E6037A923A2 /* Pods-swift-rss-sampleTests.debug.xcconfig */;
			buildSettings = {
				ALWAYS_EMBED_SWIFT_STANDARD_LIBRARIES = YES;
				BUNDLE_LOADER = "$(TEST_HOST)";
				CODE_SIGN_STYLE = Automatic;
				INFOPLIST_FILE = "swift-rss-sampleTests/Info.plist";
				IPHONEOS_DEPLOYMENT_TARGET = 13.2;
				LD_RUNPATH_SEARCH_PATHS = (
					"$(inherited)",
					"@executable_path/Frameworks",
					"@loader_path/Frameworks",
				);
				PRODUCT_BUNDLE_IDENTIFIER = "dev.sample.swift-rss-sampleTests";
				PRODUCT_NAME = "$(TARGET_NAME)";
				SWIFT_VERSION = 5.0;
				TARGETED_DEVICE_FAMILY = "1,2";
				TEST_HOST = "$(BUILT_PRODUCTS_DIR)/swift-rss-sample.app/swift-rss-sample";
			};
			name = Debug;
		};
		7313676023C3183E00D8178A /* Release */ = {
			isa = XCBuildConfiguration;
			baseConfigurationReference = 7190F7E3B020E4E6E5B5B97B /* Pods-swift-rss-sampleTests.release.xcconfig */;
			buildSettings = {
				ALWAYS_EMBED_SWIFT_STANDARD_LIBRARIES = YES;
				BUNDLE_LOADER = "$(TEST_HOST)";
				CODE_SIGN_STYLE = Automatic;
				INFOPLIST_FILE = "swift-rss-sampleTests/Info.plist";
				IPHONEOS_DEPLOYMENT_TARGET = 13.2;
				LD_RUNPATH_SEARCH_PATHS = (
					"$(inherited)",
					"@executable_path/Frameworks",
					"@loader_path/Frameworks",
				);
				PRODUCT_BUNDLE_IDENTIFIER = "dev.sample.swift-rss-sampleTests";
				PRODUCT_NAME = "$(TARGET_NAME)";
				SWIFT_VERSION = 5.0;
				TARGETED_DEVICE_FAMILY = "1,2";
				TEST_HOST = "$(BUILT_PRODUCTS_DIR)/swift-rss-sample.app/swift-rss-sample";
			};
			name = Release;
		};
/* End XCBuildConfiguration section */

/* Begin XCConfigurationList section */
		7313673723C3183B00D8178A /* Build configuration list for PBXProject "swift-rss-sample" */ = {
			isa = XCConfigurationList;
			buildConfigurations = (
				7313675923C3183E00D8178A /* Debug */,
				7313675A23C3183E00D8178A /* Release */,
			);
			defaultConfigurationIsVisible = 0;
			defaultConfigurationName = Release;
		};
		7313675B23C3183E00D8178A /* Build configuration list for PBXNativeTarget "swift-rss-sample" */ = {
			isa = XCConfigurationList;
			buildConfigurations = (
				7313675C23C3183E00D8178A /* Debug */,
				7313675D23C3183E00D8178A /* Release */,
			);
			defaultConfigurationIsVisible = 0;
			defaultConfigurationName = Release;
		};
		7313675E23C3183E00D8178A /* Build configuration list for PBXNativeTarget "swift-rss-sampleTests" */ = {
			isa = XCConfigurationList;
			buildConfigurations = (
				7313675F23C3183E00D8178A /* Debug */,
				7313676023C3183E00D8178A /* Release */,
			);
			defaultConfigurationIsVisible = 0;
			defaultConfigurationName = Release;
		};
/* End XCConfigurationList section */
	};
	rootObject = 7313673423C3183B00D8178A /* Project object */;
}
